
Microsoft Visual Studio Solution File, Format Version 12.00
# Visual Studio Version 16
VisualStudioVersion = 16.0.30104.148
MinimumVisualStudioVersion = 10.0.40219.1
Project("{9A19103F-16F7-4668-BE54-9A1E7A4F7556}") = "CurrencyCalculator", "CurrencyCalculator\CurrencyCalculator.csproj", "{14351FD5-22CC-4D92-9FC3-2805600158CF}"
EndProject
Project("{2150E333-8FDC-42A3-9474-1A3956D46DE8}") = "API", "API", "{6FF23CD6-5726-43FE-A3FC-C91C0AF3D363}"
EndProject
Project("{9A19103F-16F7-4668-BE54-9A1E7A4F7556}") = "CurrencyCalculatorAPI", "..\..\source\repos\CurrencyCalculator\CurrencyCalculatorAPI\CurrencyCalculatorAPI.csproj", "{79187545-F0A1-496B-8A07-05FE43ECB2E2}"
EndProject
Project("{FAE04EC0-301F-11D3-BF4B-00C04F79EFBC}") = "RazorCurrencyRatesDB", "RazorCurrencyRatesDB\RazorCurrencyRatesDB.csproj", "{C0275F90-7580-4A01-BF0E-2EE09DC9581E}"
EndProject
Global
	GlobalSection(SolutionConfigurationPlatforms) = preSolution
		Debug|Any CPU = Debug|Any CPU
		Release|Any CPU = Release|Any CPU
	EndGlobalSection
	GlobalSection(ProjectConfigurationPlatforms) = postSolution
		{14351FD5-22CC-4D92-9FC3-2805600158CF}.Debug|Any CPU.ActiveCfg = Debug|Any CPU
		{14351FD5-22CC-4D92-9FC3-2805600158CF}.Debug|Any CPU.Build.0 = Debug|Any CPU
		{14351FD5-22CC-4D92-9FC3-2805600158CF}.Release|Any CPU.ActiveCfg = Release|Any CPU
		{14351FD5-22CC-4D92-9FC3-2805600158CF}.Release|Any CPU.Build.0 = Release|Any CPU
		{79187545-F0A1-496B-8A07-05FE43ECB2E2}.Debug|Any CPU.ActiveCfg = Debug|Any CPU
		{79187545-F0A1-496B-8A07-05FE43ECB2E2}.Debug|Any CPU.Build.0 = Debug|Any CPU
		{79187545-F0A1-496B-8A07-05FE43ECB2E2}.Release|Any CPU.ActiveCfg = Release|Any CPU
		{79187545-F0A1-496B-8A07-05FE43ECB2E2}.Release|Any CPU.Build.0 = Release|Any CPU
		{C0275F90-7580-4A01-BF0E-2EE09DC9581E}.Debug|Any CPU.ActiveCfg = Debug|Any CPU
		{C0275F90-7580-4A01-BF0E-2EE09DC9581E}.Debug|Any CPU.Build.0 = Debug|Any CPU
		{C0275F90-7580-4A01-BF0E-2EE09DC9581E}.Release|Any CPU.ActiveCfg = Release|Any CPU
		{C0275F90-7580-4A01-BF0E-2EE09DC9581E}.Release|Any CPU.Build.0 = Release|Any CPU
	EndGlobalSection
	GlobalSection(SolutionProperties) = preSolution
		HideSolutionNode = FALSE
	EndGlobalSection
	GlobalSection(NestedProjects) = preSolution
		{79187545-F0A1-496B-8A07-05FE43ECB2E2} = {6FF23CD6-5726-43FE-A3FC-C91C0AF3D363}
	EndGlobalSection
	GlobalSection(ExtensibilityGlobals) = postSolution
		SolutionGuid = {6B94E841-D17C-4DC2-8AFA-9CE61E855A02}
	EndGlobalSection
EndGlobal
