
Microsoft Visual Studio Solution File, Format Version 12.00
# Visual Studio Version 16
VisualStudioVersion = 16.0.30104.148
MinimumVisualStudioVersion = 10.0.40219.1
Project("{FAE04EC0-301F-11D3-BF4B-00C04F79EFBC}") = "CurrencyCalculator", "CurrencyCalculator\CurrencyCalculator.csproj", "{14351FD5-22CC-4D92-9FC3-2805600158CF}"
EndProject
Global
	GlobalSection(SolutionConfigurationPlatforms) = preSolution
		Debug|Any CPU = Debug|Any CPU
		Release|Any CPU = Release|Any CPU
	EndGlobalSection
	GlobalSection(ProjectConfigurationPlatforms) = postSolution
		{14351FD5-22CC-4D92-9FC3-2805600158CF}.Debug|Any CPU.ActiveCfg = Debug|Any CPU
		{14351FD5-22CC-4D92-9FC3-2805600158CF}.Debug|Any CPU.Build.0 = Debug|Any CPU
		{14351FD5-22CC-4D92-9FC3-2805600158CF}.Release|Any CPU.ActiveCfg = Release|Any CPU
		{14351FD5-22CC-4D92-9FC3-2805600158CF}.Release|Any CPU.Build.0 = Release|Any CPU
	EndGlobalSection
	GlobalSection(SolutionProperties) = preSolution
		HideSolutionNode = FALSE
	EndGlobalSection
	GlobalSection(ExtensibilityGlobals) = postSolution
		SolutionGuid = {6B94E841-D17C-4DC2-8AFA-9CE61E855A02}
	EndGlobalSection
EndGlobal
